Microsoft Visual Studio Solution File, Format Version 12.00
# Visual Studio Version 17
VisualStudioVersion = 17.0.31314.256
MinimumVisualStudioVersion = 10.0.40219.1
Project("{2150E333-8FDC-42A3-9474-1A3956D46DE8}") = "Engine", "Engine", "{233774A8-CC9D-3FA9-86D1-90573E92B704}"
EndProject
Project("{2150E333-8FDC-42A3-9474-1A3956D46DE8}") = "Games", "Games", "{DE1F8B53-6C02-3C13-9101-A7C8D96F3FF6}"
EndProject
Project("{8BC9CEB8-8B4A-11D0-8D11-00A0C91BC942}") = "UE5", "Intermediate\ProjectFiles\UE5.vcxproj", "{DCB34A96-448A-3A14-AE4F-F4F6F1C40A07}"
EndProject
Project("{8BC9CEB8-8B4A-11D0-8D11-00A0C91BC942}") = "Demo", "Intermediate\ProjectFiles\Demo.vcxproj", "{ABA647B9-8AA5-3605-AF6B-27A6E712D69B}"
EndProject
Project("{2150E333-8FDC-42A3-9474-1A3956D46DE8}") = "Visualizers", "Visualizers", "{1CCEC849-CC72-4C59-8C36-2F7C38706D4C}"
	ProjectSection(SolutionItems) = preProject
		..\..\..\..\..\Program Files\Epic Games\UE_5.2\Engine\Extras\VisualStudioDebugging\Unreal.natvis = ..\..\..\..\..\Program Files\Epic Games\UE_5.2\Engine\Extras\VisualStudioDebugging\Unreal.natvis
	EndProjectSection
EndProject
Project("{8BC9CEB8-8B4A-11D0-8D11-00A0C91BC942}") = "DemoServer", "DemoServer\DemoServer.vcxproj", "{CE4FE90E-5CFC-438E-AEC2-162CE0C62A95}"
EndProject
Global
	GlobalSection(SolutionConfigurationPlatforms) = preSolution
		Debug|Win64 = Debug|Win64
		Debug|x64 = Debug|x64
		Debug|x86 = Debug|x86
		DebugGame Editor|Win64 = DebugGame Editor|Win64
		DebugGame Editor|x64 = DebugGame Editor|x64
		DebugGame Editor|x86 = DebugGame Editor|x86
		DebugGame|Win64 = DebugGame|Win64
		DebugGame|x64 = DebugGame|x64
		DebugGame|x86 = DebugGame|x86
		Development Editor|Win64 = Development Editor|Win64
		Development Editor|x64 = Development Editor|x64
		Development Editor|x86 = Development Editor|x86
		Development|Win64 = Development|Win64
		Development|x64 = Development|x64
		Development|x86 = Development|x86
		Release|Win64 = Release|Win64
		Release|x64 = Release|x64
		Release|x86 = Release|x86
		Shipping|Win64 = Shipping|Win64
		Shipping|x64 = Shipping|x64
		Shipping|x86 = Shipping|x86
	EndGlobalSection
	GlobalSection(ProjectConfigurationPlatforms) = postSolution
		{DCB34A96-448A-3A14-AE4F-F4F6F1C40A07}.Debug|Win64.ActiveCfg = Invalid|Win64
		{DCB34A96-448A-3A14-AE4F-F4F6F1C40A07}.Debug|Win64.Build.0 = Invalid|Win64
		{DCB34A96-448A-3A14-AE4F-F4F6F1C40A07}.Debug|x64.ActiveCfg = Invalid|Win64
		{DCB34A96-448A-3A14-AE4F-F4F6F1C40A07}.Debug|x64.Build.0 = Invalid|Win64
		{DCB34A96-448A-3A14-AE4F-F4F6F1C40A07}.Debug|x86.ActiveCfg = Invalid|Win64
		{DCB34A96-448A-3A14-AE4F-F4F6F1C40A07}.Debug|x86.Build.0 = Invalid|Win64
		{DCB34A96-448A-3A14-AE4F-F4F6F1C40A07}.DebugGame Editor|Win64.ActiveCfg = BuiltWithUnrealBuildTool|Win64
		{DCB34A96-448A-3A14-AE4F-F4F6F1C40A07}.DebugGame Editor|x64.ActiveCfg = Invalid|Win64
		{DCB34A96-448A-3A14-AE4F-F4F6F1C40A07}.DebugGame Editor|x64.Build.0 = Invalid|Win64
		{DCB34A96-448A-3A14-AE4F-F4F6F1C40A07}.DebugGame Editor|x86.ActiveCfg = Invalid|Win64
		{DCB34A96-448A-3A14-AE4F-F4F6F1C40A07}.DebugGame Editor|x86.Build.0 = Invalid|Win64
		{DCB34A96-448A-3A14-AE4F-F4F6F1C40A07}.DebugGame|Win64.ActiveCfg = BuiltWithUnrealBuildTool|Win64
		{DCB34A96-448A-3A14-AE4F-F4F6F1C40A07}.DebugGame|x64.ActiveCfg = Invalid|Win64
		{DCB34A96-448A-3A14-AE4F-F4F6F1C40A07}.DebugGame|x64.Build.0 = Invalid|Win64
		{DCB34A96-448A-3A14-AE4F-F4F6F1C40A07}.DebugGame|x86.ActiveCfg = Invalid|Win64
		{DCB34A96-448A-3A14-AE4F-F4F6F1C40A07}.DebugGame|x86.Build.0 = Invalid|Win64
		{DCB34A96-448A-3A14-AE4F-F4F6F1C40A07}.Development Editor|Win64.ActiveCfg = BuiltWithUnrealBuildTool|Win64
		{DCB34A96-448A-3A14-AE4F-F4F6F1C40A07}.Development Editor|x64.ActiveCfg = Invalid|Win64
		{DCB34A96-448A-3A14-AE4F-F4F6F1C40A07}.Development Editor|x64.Build.0 = Invalid|Win64
		{DCB34A96-448A-3A14-AE4F-F4F6F1C40A07}.Development Editor|x86.ActiveCfg = Invalid|Win64
		{DCB34A96-448A-3A14-AE4F-F4F6F1C40A07}.Development Editor|x86.Build.0 = Invalid|Win64
		{DCB34A96-448A-3A14-AE4F-F4F6F1C40A07}.Development|Win64.ActiveCfg = BuiltWithUnrealBuildTool|Win64
		{DCB34A96-448A-3A14-AE4F-F4F6F1C40A07}.Development|x64.ActiveCfg = Invalid|Win64
		{DCB34A96-448A-3A14-AE4F-F4F6F1C40A07}.Development|x64.Build.0 = Invalid|Win64
		{DCB34A96-448A-3A14-AE4F-F4F6F1C40A07}.Development|x86.ActiveCfg = Invalid|Win64
		{DCB34A96-448A-3A14-AE4F-F4F6F1C40A07}.Development|x86.Build.0 = Invalid|Win64
		{DCB34A96-448A-3A14-AE4F-F4F6F1C40A07}.Release|Win64.ActiveCfg = Invalid|Win64
		{DCB34A96-448A-3A14-AE4F-F4F6F1C40A07}.Release|Win64.Build.0 = Invalid|Win64
		{DCB34A96-448A-3A14-AE4F-F4F6F1C40A07}.Release|x64.ActiveCfg = Invalid|Win64
		{DCB34A96-448A-3A14-AE4F-F4F6F1C40A07}.Release|x64.Build.0 = Invalid|Win64
		{DCB34A96-448A-3A14-AE4F-F4F6F1C40A07}.Release|x86.ActiveCfg = Invalid|Win64
		{DCB34A96-448A-3A14-AE4F-F4F6F1C40A07}.Release|x86.Build.0 = Invalid|Win64
		{DCB34A96-448A-3A14-AE4F-F4F6F1C40A07}.Shipping|Win64.ActiveCfg = BuiltWithUnrealBuildTool|Win64
		{DCB34A96-448A-3A14-AE4F-F4F6F1C40A07}.Shipping|x64.ActiveCfg = Invalid|Win64
		{DCB34A96-448A-3A14-AE4F-F4F6F1C40A07}.Shipping|x64.Build.0 = Invalid|Win64
		{DCB34A96-448A-3A14-AE4F-F4F6F1C40A07}.Shipping|x86.ActiveCfg = Invalid|Win64
		{DCB34A96-448A-3A14-AE4F-F4F6F1C40A07}.Shipping|x86.Build.0 = Invalid|Win64
		{ABA647B9-8AA5-3605-AF6B-27A6E712D69B}.Debug|Win64.ActiveCfg = Development|x64
		{ABA647B9-8AA5-3605-AF6B-27A6E712D69B}.Debug|Win64.Build.0 = Development|x64
		{ABA647B9-8AA5-3605-AF6B-27A6E712D69B}.Debug|x64.ActiveCfg = Development|x64
		{ABA647B9-8AA5-3605-AF6B-27A6E712D69B}.Debug|x64.Build.0 = Development|x64
		{ABA647B9-8AA5-3605-AF6B-27A6E712D69B}.Debug|x86.ActiveCfg = Development|x64
		{ABA647B9-8AA5-3605-AF6B-27A6E712D69B}.Debug|x86.Build.0 = Development|x64
		{ABA647B9-8AA5-3605-AF6B-27A6E712D69B}.DebugGame Editor|Win64.ActiveCfg = DebugGame_Editor|x64
		{ABA647B9-8AA5-3605-AF6B-27A6E712D69B}.DebugGame Editor|Win64.Build.0 = DebugGame_Editor|x64
		{ABA647B9-8AA5-3605-AF6B-27A6E712D69B}.DebugGame Editor|x64.ActiveCfg = Development_Editor|x64
		{ABA647B9-8AA5-3605-AF6B-27A6E712D69B}.DebugGame Editor|x64.Build.0 = Development_Editor|x64
		{ABA647B9-8AA5-3605-AF6B-27A6E712D69B}.DebugGame Editor|x86.ActiveCfg = Development_Editor|x64
		{ABA647B9-8AA5-3605-AF6B-27A6E712D69B}.DebugGame Editor|x86.Build.0 = Development_Editor|x64
		{ABA647B9-8AA5-3605-AF6B-27A6E712D69B}.DebugGame|Win64.ActiveCfg = DebugGame|x64
		{ABA647B9-8AA5-3605-AF6B-27A6E712D69B}.DebugGame|Win64.Build.0 = DebugGame|x64
		{ABA647B9-8AA5-3605-AF6B-27A6E712D69B}.DebugGame|x64.ActiveCfg = DebugGame|x64
		{ABA647B9-8AA5-3605-AF6B-27A6E712D69B}.DebugGame|x64.Build.0 = DebugGame|x64
		{ABA647B9-8AA5-3605-AF6B-27A6E712D69B}.DebugGame|x86.ActiveCfg = DebugGame|x64
		{ABA647B9-8AA5-3605-AF6B-27A6E712D69B}.DebugGame|x86.Build.0 = DebugGame|x64
		{ABA647B9-8AA5-3605-AF6B-27A6E712D69B}.Development Editor|Win64.ActiveCfg = Development_Editor|x64
		{ABA647B9-8AA5-3605-AF6B-27A6E712D69B}.Development Editor|Win64.Build.0 = Development_Editor|x64
		{ABA647B9-8AA5-3605-AF6B-27A6E712D69B}.Development Editor|x64.ActiveCfg = Development_Editor|x64
		{ABA647B9-8AA5-3605-AF6B-27A6E712D69B}.Development Editor|x64.Build.0 = Development_Editor|x64
		{ABA647B9-8AA5-3605-AF6B-27A6E712D69B}.Development Editor|x86.ActiveCfg = Development_Editor|x64
		{ABA647B9-8AA5-3605-AF6B-27A6E712D69B}.Development Editor|x86.Build.0 = Development_Editor|x64
		{ABA647B9-8AA5-3605-AF6B-27A6E712D69B}.Development|Win64.ActiveCfg = Development|x64
		{ABA647B9-8AA5-3605-AF6B-27A6E712D69B}.Development|Win64.Build.0 = Development|x64
		{ABA647B9-8AA5-3605-AF6B-27A6E712D69B}.Development|x64.ActiveCfg = Development|x64
		{ABA647B9-8AA5-3605-AF6B-27A6E712D69B}.Development|x64.Build.0 = Development|x64
		{ABA647B9-8AA5-3605-AF6B-27A6E712D69B}.Development|x86.ActiveCfg = Development|x64
		{ABA647B9-8AA5-3605-AF6B-27A6E712D69B}.Development|x86.Build.0 = Development|x64
		{ABA647B9-8AA5-3605-AF6B-27A6E712D69B}.Release|Win64.ActiveCfg = Invalid|x64
		{ABA647B9-8AA5-3605-AF6B-27A6E712D69B}.Release|Win64.Build.0 = Invalid|x64
		{ABA647B9-8AA5-3605-AF6B-27A6E712D69B}.Release|x64.ActiveCfg = Invalid|x64
		{ABA647B9-8AA5-3605-AF6B-27A6E712D69B}.Release|x64.Build.0 = Invalid|x64
		{ABA647B9-8AA5-3605-AF6B-27A6E712D69B}.Release|x86.ActiveCfg = Invalid|x64
		{ABA647B9-8AA5-3605-AF6B-27A6E712D69B}.Release|x86.Build.0 = Invalid|x64
		{ABA647B9-8AA5-3605-AF6B-27A6E712D69B}.Shipping|Win64.ActiveCfg = Shipping|x64
		{ABA647B9-8AA5-3605-AF6B-27A6E712D69B}.Shipping|Win64.Build.0 = Shipping|x64
		{ABA647B9-8AA5-3605-AF6B-27A6E712D69B}.Shipping|x64.ActiveCfg = Shipping|x64
		{ABA647B9-8AA5-3605-AF6B-27A6E712D69B}.Shipping|x64.Build.0 = Shipping|x64
		{ABA647B9-8AA5-3605-AF6B-27A6E712D69B}.Shipping|x86.ActiveCfg = Shipping|x64
		{ABA647B9-8AA5-3605-AF6B-27A6E712D69B}.Shipping|x86.Build.0 = Shipping|x64
		{CE4FE90E-5CFC-438E-AEC2-162CE0C62A95}.Debug|Win64.ActiveCfg = Debug|x64
		{CE4FE90E-5CFC-438E-AEC2-162CE0C62A95}.Debug|Win64.Build.0 = Debug|x64
		{CE4FE90E-5CFC-438E-AEC2-162CE0C62A95}.Debug|x64.ActiveCfg = Debug|x64
		{CE4FE90E-5CFC-438E-AEC2-162CE0C62A95}.Debug|x64.Build.0 = Debug|x64
		{CE4FE90E-5CFC-438E-AEC2-162CE0C62A95}.Debug|x86.ActiveCfg = Debug|Win32
		{CE4FE90E-5CFC-438E-AEC2-162CE0C62A95}.Debug|x86.Build.0 = Debug|Win32
		{CE4FE90E-5CFC-438E-AEC2-162CE0C62A95}.DebugGame Editor|Win64.ActiveCfg = Debug|x64
		{CE4FE90E-5CFC-438E-AEC2-162CE0C62A95}.DebugGame Editor|Win64.Build.0 = Debug|x64
		{CE4FE90E-5CFC-438E-AEC2-162CE0C62A95}.DebugGame Editor|x64.ActiveCfg = Debug|x64
		{CE4FE90E-5CFC-438E-AEC2-162CE0C62A95}.DebugGame Editor|x64.Build.0 = Debug|x64
		{CE4FE90E-5CFC-438E-AEC2-162CE0C62A95}.DebugGame Editor|x86.ActiveCfg = Debug|Win32
		{CE4FE90E-5CFC-438E-AEC2-162CE0C62A95}.DebugGame Editor|x86.Build.0 = Debug|Win32
		{CE4FE90E-5CFC-438E-AEC2-162CE0C62A95}.DebugGame|Win64.ActiveCfg = Debug|x64
		{CE4FE90E-5CFC-438E-AEC2-162CE0C62A95}.DebugGame|Win64.Build.0 = Debug|x64
		{CE4FE90E-5CFC-438E-AEC2-162CE0C62A95}.DebugGame|x64.ActiveCfg = Debug|x64
		{CE4FE90E-5CFC-438E-AEC2-162CE0C62A95}.DebugGame|x64.Build.0 = Debug|x64
		{CE4FE90E-5CFC-438E-AEC2-162CE0C62A95}.DebugGame|x86.ActiveCfg = Debug|Win32
		{CE4FE90E-5CFC-438E-AEC2-162CE0C62A95}.DebugGame|x86.Build.0 = Debug|Win32
		{CE4FE90E-5CFC-438E-AEC2-162CE0C62A95}.Development Editor|Win64.ActiveCfg = Debug|x64
		{CE4FE90E-5CFC-438E-AEC2-162CE0C62A95}.Development Editor|Win64.Build.0 = Debug|x64
		{CE4FE90E-5CFC-438E-AEC2-162CE0C62A95}.Development Editor|x64.ActiveCfg = Debug|x64
		{CE4FE90E-5CFC-438E-AEC2-162CE0C62A95}.Development Editor|x64.Build.0 = Debug|x64
		{CE4FE90E-5CFC-438E-AEC2-162CE0C62A95}.Development Editor|x86.ActiveCfg = Debug|Win32
		{CE4FE90E-5CFC-438E-AEC2-162CE0C62A95}.Development Editor|x86.Build.0 = Debug|Win32
		{CE4FE90E-5CFC-438E-AEC2-162CE0C62A95}.Development|Win64.ActiveCfg = Debug|x64
		{CE4FE90E-5CFC-438E-AEC2-162CE0C62A95}.Development|Win64.Build.0 = Debug|x64
		{CE4FE90E-5CFC-438E-AEC2-162CE0C62A95}.Development|x64.ActiveCfg = Debug|x64
		{CE4FE90E-5CFC-438E-AEC2-162CE0C62A95}.Development|x64.Build.0 = Debug|x64
		{CE4FE90E-5CFC-438E-AEC2-162CE0C62A95}.Development|x86.ActiveCfg = Debug|Win32
		{CE4FE90E-5CFC-438E-AEC2-162CE0C62A95}.Development|x86.Build.0 = Debug|Win32
		{CE4FE90E-5CFC-438E-AEC2-162CE0C62A95}.Release|Win64.ActiveCfg = Release|x64
		{CE4FE90E-5CFC-438E-AEC2-162CE0C62A95}.Release|Win64.Build.0 = Release|x64
		{CE4FE90E-5CFC-438E-AEC2-162CE0C62A95}.Release|x64.ActiveCfg = Release|x64
		{CE4FE90E-5CFC-438E-AEC2-162CE0C62A95}.Release|x64.Build.0 = Release|x64
		{CE4FE90E-5CFC-438E-AEC2-162CE0C62A95}.Release|x86.ActiveCfg = Release|Win32
		{CE4FE90E-5CFC-438E-AEC2-162CE0C62A95}.Release|x86.Build.0 = Release|Win32
		{CE4FE90E-5CFC-438E-AEC2-162CE0C62A95}.Shipping|Win64.ActiveCfg = Debug|x64
		{CE4FE90E-5CFC-438E-AEC2-162CE0C62A95}.Shipping|Win64.Build.0 = Debug|x64
		{CE4FE90E-5CFC-438E-AEC2-162CE0C62A95}.Shipping|x64.ActiveCfg = Debug|x64
		{CE4FE90E-5CFC-438E-AEC2-162CE0C62A95}.Shipping|x64.Build.0 = Debug|x64
		{CE4FE90E-5CFC-438E-AEC2-162CE0C62A95}.Shipping|x86.ActiveCfg = Debug|Win32
		{CE4FE90E-5CFC-438E-AEC2-162CE0C62A95}.Shipping|x86.Build.0 = Debug|Win32
	EndGlobalSection
	GlobalSection(SolutionProperties) = preSolution
		HideSolutionNode = FALSE
	EndGlobalSection
	GlobalSection(NestedProjects) = preSolution
		{DCB34A96-448A-3A14-AE4F-F4F6F1C40A07} = {233774A8-CC9D-3FA9-86D1-90573E92B704}
		{ABA647B9-8AA5-3605-AF6B-27A6E712D69B} = {DE1F8B53-6C02-3C13-9101-A7C8D96F3FF6}
		{CE4FE90E-5CFC-438E-AEC2-162CE0C62A95} = {DE1F8B53-6C02-3C13-9101-A7C8D96F3FF6}
	EndGlobalSection
	GlobalSection(ddbf523f-7eb6-4887-bd51-85a714ff87eb) = preSolution
		AvailablePlatforms = Win64
	EndGlobalSection
EndGlobal
